
Microsoft Visual Studio Solution File, Format Version 12.00
# Visual Studio Version 17
VisualStudioVersion = 17.0.32126.317
MinimumVisualStudioVersion = 10.0.40219.1
Project("{FAE04EC0-301F-11D3-BF4B-00C04F79EFBC}") = "laba1", "laba1\laba1.csproj", "{FC5927A5-FDAC-4358-9B9C-C5EAEEAC3509}"
EndProject
Global
	GlobalSection(SolutionConfigurationPlatforms) = preSolution
		Debug|Any CPU = Debug|Any CPU
		Release|Any CPU = Release|Any CPU
	EndGlobalSection
	GlobalSection(ProjectConfigurationPlatforms) = postSolution
		{FC5927A5-FDAC-4358-9B9C-C5EAEEAC3509}.Debug|Any CPU.ActiveCfg = Debug|Any CPU
		{FC5927A5-FDAC-4358-9B9C-C5EAEEAC3509}.Debug|Any CPU.Build.0 = Debug|Any CPU
		{FC5927A5-FDAC-4358-9B9C-C5EAEEAC3509}.Release|Any CPU.ActiveCfg = Release|Any CPU
		{FC5927A5-FDAC-4358-9B9C-C5EAEEAC3509}.Release|Any CPU.Build.0 = Release|Any CPU
	EndGlobalSection
	GlobalSection(SolutionProperties) = preSolution
		HideSolutionNode = FALSE
	EndGlobalSection
	GlobalSection(ExtensibilityGlobals) = postSolution
		SolutionGuid = {2B3916F1-1416-4B4D-87DD-28CF6A55B84D}
	EndGlobalSection
EndGlobal
