
Microsoft Visual Studio Solution File, Format Version 12.00
# Visual Studio Version 17
VisualStudioVersion = 17.0.32126.317
MinimumVisualStudioVersion = 10.0.40219.1
Project("{FAE04EC0-301F-11D3-BF4B-00C04F79EFBC}") = "6labaoop", "6labaoop\6labaoop.csproj", "{F21436A2-DA19-4258-B334-600BD400D8FA}"
EndProject
Global
	GlobalSection(SolutionConfigurationPlatforms) = preSolution
		Debug|Any CPU = Debug|Any CPU
		Release|Any CPU = Release|Any CPU
	EndGlobalSection
	GlobalSection(ProjectConfigurationPlatforms) = postSolution
		{F21436A2-DA19-4258-B334-600BD400D8FA}.Debug|Any CPU.ActiveCfg = Debug|Any CPU
		{F21436A2-DA19-4258-B334-600BD400D8FA}.Debug|Any CPU.Build.0 = Debug|Any CPU
		{F21436A2-DA19-4258-B334-600BD400D8FA}.Release|Any CPU.ActiveCfg = Release|Any CPU
		{F21436A2-DA19-4258-B334-600BD400D8FA}.Release|Any CPU.Build.0 = Release|Any CPU
	EndGlobalSection
	GlobalSection(SolutionProperties) = preSolution
		HideSolutionNode = FALSE
	EndGlobalSection
	GlobalSection(ExtensibilityGlobals) = postSolution
		SolutionGuid = {04042300-B1F8-4574-AD85-93D95C1AAAB2}
	EndGlobalSection
EndGlobal
